// !$*UTF8*$!
{
	archiveVersion = 1;
	classes = {
	};
	objectVersion = 55;
	objects = {

/* Begin PBXBuildFile section */
		7852BF5D284FF984003F283C /* AppDelegate.swift in Sources */ = {isa = PBXBuildFile; fileRef = 7852BF5C284FF984003F283C /* AppDelegate.swift */; };
		7852BF61284FF984003F283C /* ViewController.swift in Sources */ = {isa = PBXBuildFile; fileRef = 7852BF60284FF984003F283C /* ViewController.swift */; };
		7852BF64284FF984003F283C /* Main.storyboard in Resources */ = {isa = PBXBuildFile; fileRef = 7852BF62284FF984003F283C /* Main.storyboard */; };
		7852BF66284FF986003F283C /* Assets.xcassets in Resources */ = {isa = PBXBuildFile; fileRef = 7852BF65284FF986003F283C /* Assets.xcassets */; };
		7852BF69284FF986003F283C /* LaunchScreen.storyboard in Resources */ = {isa = PBXBuildFile; fileRef = 7852BF67284FF986003F283C /* LaunchScreen.storyboard */; };
		7852BF74284FF986003F283C /* blackMoviesTests.swift in Sources */ = {isa = PBXBuildFile; fileRef = 7852BF73284FF986003F283C /* blackMoviesTests.swift */; };
		7852BF7E284FF986003F283C /* blackMoviesUITests.swift in Sources */ = {isa = PBXBuildFile; fileRef = 7852BF7D284FF986003F283C /* blackMoviesUITests.swift */; };
		7852BF80284FF986003F283C /* blackMoviesUITestsLaunchTests.swift in Sources */ = {isa = PBXBuildFile; fileRef = 7852BF7F284FF986003F283C /* blackMoviesUITestsLaunchTests.swift */; };
		7852BF8F284FFD6B003F283C /* Movie.swift in Sources */ = {isa = PBXBuildFile; fileRef = 7852BF8E284FFD6B003F283C /* Movie.swift */; };
		7852BFDF28517D85003F283C /* MovieCollectionViewCell.swift in Sources */ = {isa = PBXBuildFile; fileRef = 7852BFDD28517D85003F283C /* MovieCollectionViewCell.swift */; };
/* End PBXBuildFile section */

/* Begin PBXContainerItemProxy section */
		7852BF70284FF986003F283C /* PBXContainerItemProxy */ = {
			isa = PBXContainerItemProxy;
			containerPortal = 7852BF51284FF984003F283C /* Project object */;
			proxyType = 1;
			remoteGlobalIDString = 7852BF58284FF984003F283C;
			remoteInfo = blackMovies;
		};
		7852BF7A284FF986003F283C /* PBXContainerItemProxy */ = {
			isa = PBXContainerItemProxy;
			containerPortal = 7852BF51284FF984003F283C /* Project object */;
			proxyType = 1;
			remoteGlobalIDString = 7852BF58284FF984003F283C;
			remoteInfo = blackMovies;
		};
/* End PBXContainerItemProxy section */

/* Begin PBXFileReference section */
		7852BF59284FF984003F283C /* blackMovies.app */ = {isa = PBXFileReference; explicitFileType = wrapper.application; includeInIndex = 0; path = blackMovies.app; sourceTree = BUILT_PRODUCTS_DIR; };
		7852BF5C284FF984003F283C /* AppDelegate.swift */ = {isa = PBXFileReference; lastKnownFileType = sourcecode.swift; path = AppDelegate.swift; sourceTree = "<group>"; };
		7852BF60284FF984003F283C /* ViewController.swift */ = {isa = PBXFileReference; lastKnownFileType = sourcecode.swift; path = ViewController.swift; sourceTree = "<group>"; };
		7852BF63284FF984003F283C /* Base */ = {isa = PBXFileReference; lastKnownFileType = file.storyboard; name = Base; path = Base.lproj/Main.storyboard; sourceTree = "<group>"; };
		7852BF65284FF986003F283C /* Assets.xcassets */ = {isa = PBXFileReference; lastKnownFileType = folder.assetcatalog; path = Assets.xcassets; sourceTree = "<group>"; };
		7852BF68284FF986003F283C /* Base */ = {isa = PBXFileReference; lastKnownFileType = file.storyboard; name = Base; path = Base.lproj/LaunchScreen.storyboard; sourceTree = "<group>"; };
		7852BF6A284FF986003F283C /* Info.plist */ = {isa = PBXFileReference; lastKnownFileType = text.plist.xml; path = Info.plist; sourceTree = "<group>"; };
		7852BF6F284FF986003F283C /* blackMoviesTests.xctest */ = {isa = PBXFileReference; explicitFileType = wrapper.cfbundle; includeInIndex = 0; path = blackMoviesTests.xctest; sourceTree = BUILT_PRODUCTS_DIR; };
		7852BF73284FF986003F283C /* blackMoviesTests.swift */ = {isa = PBXFileReference; lastKnownFileType = sourcecode.swift; path = blackMoviesTests.swift; sourceTree = "<group>"; };
		7852BF79284FF986003F283C /* blackMoviesUITests.xctest */ = {isa = PBXFileReference; explicitFileType = wrapper.cfbundle; includeInIndex = 0; path = blackMoviesUITests.xctest; sourceTree = BUILT_PRODUCTS_DIR; };
		7852BF7D284FF986003F283C /* blackMoviesUITests.swift */ = {isa = PBXFileReference; lastKnownFileType = sourcecode.swift; path = blackMoviesUITests.swift; sourceTree = "<group>"; };
		7852BF7F284FF986003F283C /* blackMoviesUITestsLaunchTests.swift */ = {isa = PBXFileReference; lastKnownFileType = sourcecode.swift; path = blackMoviesUITestsLaunchTests.swift; sourceTree = "<group>"; };
		7852BF8E284FFD6B003F283C /* Movie.swift */ = {isa = PBXFileReference; lastKnownFileType = sourcecode.swift; path = Movie.swift; sourceTree = "<group>"; };
		7852BFDD28517D85003F283C /* MovieCollectionViewCell.swift */ = {isa = PBXFileReference; lastKnownFileType = sourcecode.swift; path = MovieCollectionViewCell.swift; sourceTree = "<group>"; };
/* End PBXFileReference section */

/* Begin PBXFrameworksBuildPhase section */
		7852BF56284FF984003F283C /* Frameworks */ = {
			isa = PBXFrameworksBuildPhase;
			buildActionMask = 2147483647;
			files = (
			);
			runOnlyForDeploymentPostprocessing = 0;
		};
		7852BF6C284FF986003F283C /* Frameworks */ = {
			isa = PBXFrameworksBuildPhase;
			buildActionMask = 2147483647;
			files = (
			);
			runOnlyForDeploymentPostprocessing = 0;
		};
		7852BF76284FF986003F283C /* Frameworks */ = {
			isa = PBXFrameworksBuildPhase;
			buildActionMask = 2147483647;
			files = (
			);
			runOnlyForDeploymentPostprocessing = 0;
		};
/* End PBXFrameworksBuildPhase section */

/* Begin PBXGroup section */
		7852BF50284FF984003F283C = {
			isa = PBXGroup;
			children = (
				7852BF5B284FF984003F283C /* blackMovies */,
				7852BF72284FF986003F283C /* blackMoviesTests */,
				7852BF7C284FF986003F283C /* blackMoviesUITests */,
				7852BF5A284FF984003F283C /* Products */,
			);
			sourceTree = "<group>";
		};
		7852BF5A284FF984003F283C /* Products */ = {
			isa = PBXGroup;
			children = (
				7852BF59284FF984003F283C /* blackMovies.app */,
				7852BF6F284FF986003F283C /* blackMoviesTests.xctest */,
				7852BF79284FF986003F283C /* blackMoviesUITests.xctest */,
			);
			name = Products;
			sourceTree = "<group>";
		};
		7852BF5B284FF984003F283C /* blackMovies */ = {
			isa = PBXGroup;
			children = (
				7852BF5C284FF984003F283C /* AppDelegate.swift */,
				7852BF60284FF984003F283C /* ViewController.swift */,
				7852BF62284FF984003F283C /* Main.storyboard */,
				7852BFDD28517D85003F283C /* MovieCollectionViewCell.swift */,
				7852BF8E284FFD6B003F283C /* Movie.swift */,
				7852BF65284FF986003F283C /* Assets.xcassets */,
				7852BF67284FF986003F283C /* LaunchScreen.storyboard */,
				7852BF6A284FF986003F283C /* Info.plist */,
			);
			path = blackMovies;
			sourceTree = "<group>";
		};
		7852BF72284FF986003F283C /* blackMoviesTests */ = {
			isa = PBXGroup;
			children = (
				7852BF73284FF986003F283C /* blackMoviesTests.swift */,
			);
			path = blackMoviesTests;
			sourceTree = "<group>";
		};
		7852BF7C284FF986003F283C /* blackMoviesUITests */ = {
			isa = PBXGroup;
			children = (
				7852BF7D284FF986003F283C /* blackMoviesUITests.swift */,
				7852BF7F284FF986003F283C /* blackMoviesUITestsLaunchTests.swift */,
			);
			path = blackMoviesUITests;
			sourceTree = "<group>";
		};
/* End PBXGroup section */

/* Begin PBXNativeTarget section */
		7852BF58284FF984003F283C /* blackMovies */ = {
			isa = PBXNativeTarget;
			buildConfigurationList = 7852BF83284FF986003F283C /* Build configuration list for PBXNativeTarget "blackMovies" */;
			buildPhases = (
				7852BF55284FF984003F283C /* Sources */,
				7852BF56284FF984003F283C /* Frameworks */,
				7852BF57284FF984003F283C /* Resources */,
			);
			buildRules = (
			);
			dependencies = (
			);
			name = blackMovies;
			productName = blackMovies;
			productReference = 7852BF59284FF984003F283C /* blackMovies.app */;
			productType = "com.apple.product-type.application";
		};
		7852BF6E284FF986003F283C /* blackMoviesTests */ = {
			isa = PBXNativeTarget;
			buildConfigurationList = 7852BF86284FF986003F283C /* Build configuration list for PBXNativeTarget "blackMoviesTests" */;
			buildPhases = (
				7852BF6B284FF986003F283C /* Sources */,
				7852BF6C284FF986003F283C /* Frameworks */,
				7852BF6D284FF986003F283C /* Resources */,
			);
			buildRules = (
			);
			dependencies = (
				7852BF71284FF986003F283C /* PBXTargetDependency */,
			);
			name = blackMoviesTests;
			productName = blackMoviesTests;
			productReference = 7852BF6F284FF986003F283C /* blackMoviesTests.xctest */;
			productType = "com.apple.product-type.bundle.unit-test";
		};
		7852BF78284FF986003F283C /* blackMoviesUITests */ = {
			isa = PBXNativeTarget;
			buildConfigurationList = 7852BF89284FF986003F283C /* Build configuration list for PBXNativeTarget "blackMoviesUITests" */;
			buildPhases = (
				7852BF75284FF986003F283C /* Sources */,
				7852BF76284FF986003F283C /* Frameworks */,
				7852BF77284FF986003F283C /* Resources */,
			);
			buildRules = (
			);
			dependencies = (
				7852BF7B284FF986003F283C /* PBXTargetDependency */,
			);
			name = blackMoviesUITests;
			productName = blackMoviesUITests;
			productReference = 7852BF79284FF986003F283C /* blackMoviesUITests.xctest */;
			productType = "com.apple.product-type.bundle.ui-testing";
		};
/* End PBXNativeTarget section */

/* Begin PBXProject section */
		7852BF51284FF984003F283C /* Project object */ = {
			isa = PBXProject;
			attributes = {
				BuildIndependentTargetsInParallel = 1;
				LastSwiftUpdateCheck = 1340;
				LastUpgradeCheck = 1340;
				TargetAttributes = {
					7852BF58284FF984003F283C = {
						CreatedOnToolsVersion = 13.4.1;
					};
					7852BF6E284FF986003F283C = {
						CreatedOnToolsVersion = 13.4.1;
						TestTargetID = 7852BF58284FF984003F283C;
					};
					7852BF78284FF986003F283C = {
						CreatedOnToolsVersion = 13.4.1;
						TestTargetID = 7852BF58284FF984003F283C;
					};
				};
			};
			buildConfigurationList = 7852BF54284FF984003F283C /* Build configuration list for PBXProject "blackMovies" */;
			compatibilityVersion = "Xcode 13.0";
			developmentRegion = en;
			hasScannedForEncodings = 0;
			knownRegions = (
				en,
				Base,
			);
			mainGroup = 7852BF50284FF984003F283C;
			productRefGroup = 7852BF5A284FF984003F283C /* Products */;
			projectDirPath = "";
			projectRoot = "";
			targets = (
				7852BF58284FF984003F283C /* blackMovies */,
				7852BF6E284FF986003F283C /* blackMoviesTests */,
				7852BF78284FF986003F283C /* blackMoviesUITests */,
			);
		};
/* End PBXProject section */

/* Begin PBXResourcesBuildPhase section */
		7852BF57284FF984003F283C /* Resources */ = {
			isa = PBXResourcesBuildPhase;
			buildActionMask = 2147483647;
			files = (
				7852BF69284FF986003F283C /* LaunchScreen.storyboard in Resources */,
				7852BF66284FF986003F283C /* Assets.xcassets in Resources */,
				7852BF64284FF984003F283C /* Main.storyboard in Resources */,
			);
			runOnlyForDeploymentPostprocessing = 0;
		};
		7852BF6D284FF986003F283C /* Resources */ = {
			isa = PBXResourcesBuildPhase;
			buildActionMask = 2147483647;
			files = (
			);
			runOnlyForDeploymentPostprocessing = 0;
		};
		7852BF77284FF986003F283C /* Resources */ = {
			isa = PBXResourcesBuildPhase;
			buildActionMask = 2147483647;
			files = (
			);
			runOnlyForDeploymentPostprocessing = 0;
		};
/* End PBXResourcesBuildPhase section */

/* Begin PBXSourcesBuildPhase section */
		7852BF55284FF984003F283C /* Sources */ = {
			isa = PBXSourcesBuildPhase;
			buildActionMask = 2147483647;
			files = (
				7852BF61284FF984003F283C /* ViewController.swift in Sources */,
				7852BF5D284FF984003F283C /* AppDelegate.swift in Sources */,
				7852BF8F284FFD6B003F283C /* Movie.swift in Sources */,
				7852BFDF28517D85003F283C /* MovieCollectionViewCell.swift in Sources */,
			);
			runOnlyForDeploymentPostprocessing = 0;
		};
		7852BF6B284FF986003F283C /* Sources */ = {
			isa = PBXSourcesBuildPhase;
			buildActionMask = 2147483647;
			files = (
				7852BF74284FF986003F283C /* blackMoviesTests.swift in Sources */,
			);
			runOnlyForDeploymentPostprocessing = 0;
		};
		7852BF75284FF986003F283C /* Sources */ = {
			isa = PBXSourcesBuildPhase;
			buildActionMask = 2147483647;
			files = (
				7852BF7E284FF986003F283C /* blackMoviesUITests.swift in Sources */,
				7852BF80284FF986003F283C /* blackMoviesUITestsLaunchTests.swift in Sources */,
			);
			runOnlyForDeploymentPostprocessing = 0;
		};
/* End PBXSourcesBuildPhase section */

/* Begin PBXTargetDependency section */
		7852BF71284FF986003F283C /* PBXTargetDependency */ = {
			isa = PBXTargetDependency;
			target = 7852BF58284FF984003F283C /* blackMovies */;
			targetProxy = 7852BF70284FF986003F283C /* PBXContainerItemProxy */;
		};
		7852BF7B284FF986003F283C /* PBXTargetDependency */ = {
			isa = PBXTargetDependency;
			target = 7852BF58284FF984003F283C /* blackMovies */;
			targetProxy = 7852BF7A284FF986003F283C /* PBXContainerItemProxy */;
		};
/* End PBXTargetDependency section */

/* Begin PBXVariantGroup section */
		7852BF62284FF984003F283C /* Main.storyboard */ = {
			isa = PBXVariantGroup;
			children = (
				7852BF63284FF984003F283C /* Base */,
			);
			name = Main.storyboard;
			sourceTree = "<group>";
		};
		7852BF67284FF986003F283C /* LaunchScreen.storyboard */ = {
			isa = PBXVariantGroup;
			children = (
				7852BF68284FF986003F283C /* Base */,
			);
			name = LaunchScreen.storyboard;
			sourceTree = "<group>";
		};
/* End PBXVariantGroup section */

/* Begin XCBuildConfiguration section */
		7852BF81284FF986003F283C /* Debug */ = {
			isa = XCBuildConfiguration;
			buildSettings = {
				ALWAYS_SEARCH_USER_PATHS = NO;
				CLANG_ANALYZER_NONNULL = YES;
				CLANG_ANALYZER_NUMBER_OBJECT_CONVERSION = YES_AGGRESSIVE;
				CLANG_CXX_LANGUAGE_STANDARD = "gnu++17";
				CLANG_ENABLE_MODULES = YES;
				CLANG_ENABLE_OBJC_ARC = YES;
				CLANG_ENABLE_OBJC_WEAK = YES;
				CLANG_WARN_BLOCK_CAPTURE_AUTORELEASING = YES;
				CLANG_WARN_BOOL_CONVERSION = YES;
				CLANG_WARN_COMMA = YES;
				CLANG_WARN_CONSTANT_CONVERSION = YES;
				CLANG_WARN_DEPRECATED_OBJC_IMPLEMENTATIONS = YES;
				CLANG_WARN_DIRECT_OBJC_ISA_USAGE = YES_ERROR;
				CLANG_WARN_DOCUMENTATION_COMMENTS = YES;
				CLANG_WARN_EMPTY_BODY = YES;
				CLANG_WARN_ENUM_CONVERSION = YES;
				CLANG_WARN_INFINITE_RECURSION = YES;
				CLANG_WARN_INT_CONVERSION = YES;
				CLANG_WARN_NON_LITERAL_NULL_CONVERSION = YES;
				CLANG_WARN_OBJC_IMPLICIT_RETAIN_SELF = YES;
				CLANG_WARN_OBJC_LITERAL_CONVERSION = YES;
				CLANG_WARN_OBJC_ROOT_CLASS = YES_ERROR;
				CLANG_WARN_QUOTED_INCLUDE_IN_FRAMEWORK_HEADER = YES;
				CLANG_WARN_RANGE_LOOP_ANALYSIS = YES;
				CLANG_WARN_STRICT_PROTOTYPES = YES;
				CLANG_WARN_SUSPICIOUS_MOVE = YES;
				CLANG_WARN_UNGUARDED_AVAILABILITY = YES_AGGRESSIVE;
				CLANG_WARN_UNREACHABLE_CODE = YES;
				CLANG_WARN__DUPLICATE_METHOD_MATCH = YES;
				COPY_PHASE_STRIP = NO;
				DEBUG_INFORMATION_FORMAT = dwarf;
				ENABLE_STRICT_OBJC_MSGSEND = YES;
				ENABLE_TESTABILITY = YES;
				GCC_C_LANGUAGE_STANDARD = gnu11;
				GCC_DYNAMIC_NO_PIC = NO;
				GCC_NO_COMMON_BLOCKS = YES;
				GCC_OPTIMIZATION_LEVEL = 0;
				GCC_PREPROCESSOR_DEFINITIONS = (
					"DEBUG=1",
					"$(inherited)",
				);
				GCC_WARN_64_TO_32_BIT_CONVERSION = YES;
				GCC_WARN_ABOUT_RETURN_TYPE = YES_ERROR;
				GCC_WARN_UNDECLARED_SELECTOR = YES;
				GCC_WARN_UNINITIALIZED_AUTOS = YES_AGGRESSIVE;
				GCC_WARN_UNUSED_FUNCTION = YES;
				GCC_WARN_UNUSED_VARIABLE = YES;
				IPHONEOS_DEPLOYMENT_TARGET = 15.5;
				MTL_ENABLE_DEBUG_INFO = INCLUDE_SOURCE;
				MTL_FAST_MATH = YES;
				ONLY_ACTIVE_ARCH = YES;
				SDKROOT = iphoneos;
				SWIFT_ACTIVE_COMPILATION_CONDITIONS = DEBUG;
				SWIFT_OPTIMIZATION_LEVEL = "-Onone";
			};
			name = Debug;
		};
		7852BF82284FF986003F283C /* Release */ = {
			isa = XCBuildConfiguration;
			buildSettings = {
				ALWAYS_SEARCH_USER_PATHS = NO;
				CLANG_ANALYZER_NONNULL = YES;
				CLANG_ANALYZER_NUMBER_OBJECT_CONVERSION = YES_AGGRESSIVE;
				CLANG_CXX_LANGUAGE_STANDARD = "gnu++17";
				CLANG_ENABLE_MODULES = YES;
				CLANG_ENABLE_OBJC_ARC = YES;
				CLANG_ENABLE_OBJC_WEAK = YES;
				CLANG_WARN_BLOCK_CAPTURE_AUTORELEASING = YES;
				CLANG_WARN_BOOL_CONVERSION = YES;
				CLANG_WARN_COMMA = YES;
				CLANG_WARN_CONSTANT_CONVERSION = YES;
				CLANG_WARN_DEPRECATED_OBJC_IMPLEMENTATIONS = YES;
				CLANG_WARN_DIRECT_OBJC_ISA_USAGE = YES_ERROR;
				CLANG_WARN_DOCUMENTATION_COMMENTS = YES;
				CLANG_WARN_EMPTY_BODY = YES;
				CLANG_WARN_ENUM_CONVERSION = YES;
				CLANG_WARN_INFINITE_RECURSION = YES;
				CLANG_WARN_INT_CONVERSION = YES;
				CLANG_WARN_NON_LITERAL_NULL_CONVERSION = YES;
				CLANG_WARN_OBJC_IMPLICIT_RETAIN_SELF = YES;
				CLANG_WARN_OBJC_LITERAL_CONVERSION = YES;
				CLANG_WARN_OBJC_ROOT_CLASS = YES_ERROR;
				CLANG_WARN_QUOTED_INCLUDE_IN_FRAMEWORK_HEADER = YES;
				CLANG_WARN_RANGE_LOOP_ANALYSIS = YES;
				CLANG_WARN_STRICT_PROTOTYPES = YES;
				CLANG_WARN_SUSPICIOUS_MOVE = YES;
				CLANG_WARN_UNGUARDED_AVAILABILITY = YES_AGGRESSIVE;
				CLANG_WARN_UNREACHABLE_CODE = YES;
				CLANG_WARN__DUPLICATE_METHOD_MATCH = YES;
				COPY_PHASE_STRIP = NO;
				DEBUG_INFORMATION_FORMAT = "dwarf-with-dsym";
				ENABLE_NS_ASSERTIONS = NO;
				ENABLE_STRICT_OBJC_MSGSEND = YES;
				GCC_C_LANGUAGE_STANDARD = gnu11;
				GCC_NO_COMMON_BLOCKS = YES;
				GCC_WARN_64_TO_32_BIT_CONVERSION = YES;
				GCC_WARN_ABOUT_RETURN_TYPE = YES_ERROR;
				GCC_WARN_UNDECLARED_SELECTOR = YES;
				GCC_WARN_UNINITIALIZED_AUTOS = YES_AGGRESSIVE;
				GCC_WARN_UNUSED_FUNCTION = YES;
				GCC_WARN_UNUSED_VARIABLE = YES;
				IPHONEOS_DEPLOYMENT_TARGET = 15.5;
				MTL_ENABLE_DEBUG_INFO = NO;
				MTL_FAST_MATH = YES;
				SDKROOT = iphoneos;
				SWIFT_COMPILATION_MODE = wholemodule;
				SWIFT_OPTIMIZATION_LEVEL = "-O";
				VALIDATE_PRODUCT = YES;
			};
			name = Release;
		};
		7852BF84284FF986003F283C /* Debug */ = {
			isa = XCBuildConfiguration;
			buildSettings = {
				ASSETCATALOG_COMPILER_APPICON_NAME = AppIcon;
				ASSETCATALOG_COMPILER_GLOBAL_ACCENT_COLOR_NAME = AccentColor;
				CODE_SIGN_STYLE = Automatic;
				CURRENT_PROJECT_VERSION = 1;
				DEVELOPMENT_TEAM = 2NQ2Q4CS26;
				GENERATE_INFOPLIST_FILE = YES;
				INFOPLIST_FILE = blackMovies/Info.plist;
				INFOPLIST_KEY_UIApplicationSupportsIndirectInputEvents = YES;
				INFOPLIST_KEY_UILaunchStoryboardName = LaunchScreen;
				INFOPLIST_KEY_UIMainStoryboardFile = Main;
				INFOPLIST_KEY_UISupportedInterfaceOrientations_iPad = "UIInterfaceOrientationPortrait UIInterfaceOrientationPortraitUpsideDown UIInterfaceOrientationLandscapeLeft UIInterfaceOrientationLandscapeRight";
				INFOPLIST_KEY_UISupportedInterfaceOrientations_iPhone = "UIInterfaceOrientationPortrait UIInterfaceOrientationLandscapeLeft UIInterfaceOrientationLandscapeRight";
				LD_RUNPATH_SEARCH_PATHS = (
					"$(inherited)",
					"@executable_path/Frameworks",
				);
				MARKETING_VERSION = 1.0;
				PRODUCT_BUNDLE_IDENTIFIER = com.igorgomes.blackMovies;
				PRODUCT_NAME = "$(TARGET_NAME)";
				SWIFT_EMIT_LOC_STRINGS = YES;
				SWIFT_VERSION = 5.0;
				TARGETED_DEVICE_FAMILY = "1,2";
			};
			name = Debug;
		};
		7852BF85284FF986003F283C /* Release */ = {
			isa = XCBuildConfiguration;
			buildSettings = {
				ASSETCATALOG_COMPILER_APPICON_NAME = AppIcon;
				ASSETCATALOG_COMPILER_GLOBAL_ACCENT_COLOR_NAME = AccentColor;
				CODE_SIGN_STYLE = Automatic;
				CURRENT_PROJECT_VERSION = 1;
				DEVELOPMENT_TEAM = 2NQ2Q4CS26;
				GENERATE_INFOPLIST_FILE = YES;
				INFOPLIST_FILE = blackMovies/Info.plist;
				INFOPLIST_KEY_UIApplicationSupportsIndirectInputEvents = YES;
				INFOPLIST_KEY_UILaunchStoryboardName = LaunchScreen;
				INFOPLIST_KEY_UIMainStoryboardFile = Main;
				INFOPLIST_KEY_UISupportedInterfaceOrientations_iPad = "UIInterfaceOrientationPortrait UIInterfaceOrientationPortraitUpsideDown UIInterfaceOrientationLandscapeLeft UIInterfaceOrientationLandscapeRight";
				INFOPLIST_KEY_UISupportedInterfaceOrientations_iPhone = "UIInterfaceOrientationPortrait UIInterfaceOrientationLandscapeLeft UIInterfaceOrientationLandscapeRight";
				LD_RUNPATH_SEARCH_PATHS = (
					"$(inherited)",
					"@executable_path/Frameworks",
				);
				MARKETING_VERSION = 1.0;
				PRODUCT_BUNDLE_IDENTIFIER = com.igorgomes.blackMovies;
				PRODUCT_NAME = "$(TARGET_NAME)";
				SWIFT_EMIT_LOC_STRINGS = YES;
				SWIFT_VERSION = 5.0;
				TARGETED_DEVICE_FAMILY = "1,2";
			};
			name = Release;
		};
		7852BF87284FF986003F283C /* Debug */ = {
			isa = XCBuildConfiguration;
			buildSettings = {
				ALWAYS_EMBED_SWIFT_STANDARD_LIBRARIES = YES;
				BUNDLE_LOADER = "$(TEST_HOST)";
				CODE_SIGN_STYLE = Automatic;
				CURRENT_PROJECT_VERSION = 1;
				DEVELOPMENT_TEAM = 2NQ2Q4CS26;
				GENERATE_INFOPLIST_FILE = YES;
				IPHONEOS_DEPLOYMENT_TARGET = 15.5;
				MARKETING_VERSION = 1.0;
				PRODUCT_BUNDLE_IDENTIFIER = com.igorgomes.blackMoviesTests;
				PRODUCT_NAME = "$(TARGET_NAME)";
				SWIFT_EMIT_LOC_STRINGS = NO;
				SWIFT_VERSION = 5.0;
				TARGETED_DEVICE_FAMILY = "1,2";
				TEST_HOST = "$(BUILT_PRODUCTS_DIR)/blackMovies.app/blackMovies";
			};
			name = Debug;
		};
		7852BF88284FF986003F283C /* Release */ = {
			isa = XCBuildConfiguration;
			buildSettings = {
				ALWAYS_EMBED_SWIFT_STANDARD_LIBRARIES = YES;
				BUNDLE_LOADER = "$(TEST_HOST)";
				CODE_SIGN_STYLE = Automatic;
				CURRENT_PROJECT_VERSION = 1;
				DEVELOPMENT_TEAM = 2NQ2Q4CS26;
				GENERATE_INFOPLIST_FILE = YES;
				IPHONEOS_DEPLOYMENT_TARGET = 15.5;
				MARKETING_VERSION = 1.0;
				PRODUCT_BUNDLE_IDENTIFIER = com.igorgomes.blackMoviesTests;
				PRODUCT_NAME = "$(TARGET_NAME)";
				SWIFT_EMIT_LOC_STRINGS = NO;
				SWIFT_VERSION = 5.0;
				TARGETED_DEVICE_FAMILY = "1,2";
				TEST_HOST = "$(BUILT_PRODUCTS_DIR)/blackMovies.app/blackMovies";
			};
			name = Release;
		};
		7852BF8A284FF986003F283C /* Debug */ = {
			isa = XCBuildConfiguration;
			buildSettings = {
				ALWAYS_EMBED_SWIFT_STANDARD_LIBRARIES = YES;
				CODE_SIGN_STYLE = Automatic;
				CURRENT_PROJECT_VERSION = 1;
				DEVELOPMENT_TEAM = 2NQ2Q4CS26;
				GENERATE_INFOPLIST_FILE = YES;
				MARKETING_VERSION = 1.0;
				PRODUCT_BUNDLE_IDENTIFIER = com.igorgomes.blackMoviesUITests;
				PRODUCT_NAME = "$(TARGET_NAME)";
				SWIFT_EMIT_LOC_STRINGS = NO;
				SWIFT_VERSION = 5.0;
				TARGETED_DEVICE_FAMILY = "1,2";
				TEST_TARGET_NAME = blackMovies;
			};
			name = Debug;
		};
		7852BF8B284FF986003F283C /* Release */ = {
			isa = XCBuildConfiguration;
			buildSettings = {
				ALWAYS_EMBED_SWIFT_STANDARD_LIBRARIES = YES;
				CODE_SIGN_STYLE = Automatic;
				CURRENT_PROJECT_VERSION = 1;
				DEVELOPMENT_TEAM = 2NQ2Q4CS26;
				GENERATE_INFOPLIST_FILE = YES;
				MARKETING_VERSION = 1.0;
				PRODUCT_BUNDLE_IDENTIFIER = com.igorgomes.blackMoviesUITests;
				PRODUCT_NAME = "$(TARGET_NAME)";
				SWIFT_EMIT_LOC_STRINGS = NO;
				SWIFT_VERSION = 5.0;
				TARGETED_DEVICE_FAMILY = "1,2";
				TEST_TARGET_NAME = blackMovies;
			};
			name = Release;
		};
/* End XCBuildConfiguration section */

/* Begin XCConfigurationList section */
		7852BF54284FF984003F283C /* Build configuration list for PBXProject "blackMovies" */ = {
			isa = XCConfigurationList;
			buildConfigurations = (
				7852BF81284FF986003F283C /* Debug */,
				7852BF82284FF986003F283C /* Release */,
			);
			defaultConfigurationIsVisible = 0;
			defaultConfigurationName = Release;
		};
		7852BF83284FF986003F283C /* Build configuration list for PBXNativeTarget "blackMovies" */ = {
			isa = XCConfigurationList;
			buildConfigurations = (
				7852BF84284FF986003F283C /* Debug */,
				7852BF85284FF986003F283C /* Release */,
			);
			defaultConfigurationIsVisible = 0;
			defaultConfigurationName = Release;
		};
		7852BF86284FF986003F283C /* Build configuration list for PBXNativeTarget "blackMoviesTests" */ = {
			isa = XCConfigurationList;
			buildConfigurations = (
				7852BF87284FF986003F283C /* Debug */,
				7852BF88284FF986003F283C /* Release */,
			);
			defaultConfigurationIsVisible = 0;
			defaultConfigurationName = Release;
		};
		7852BF89284FF986003F283C /* Build configuration list for PBXNativeTarget "blackMoviesUITests" */ = {
			isa = XCConfigurationList;
			buildConfigurations = (
				7852BF8A284FF986003F283C /* Debug */,
				7852BF8B284FF986003F283C /* Release */,
			);
			defaultConfigurationIsVisible = 0;
			defaultConfigurationName = Release;
		};
/* End XCConfigurationList section */
	};
	rootObject = 7852BF51284FF984003F283C /* Project object */;
}
