// !$*UTF8*$!
{
	archiveVersion = 1;
	classes = {
	};
	objectVersion = 55;
	objects = {

/* Begin PBXBuildFile section */
		0FB311412C1D90E7BE2766C2 /* Pods_BlackMovieVC_BlackMovieVCUITests.framework in Frameworks */ = {isa = PBXBuildFile; fileRef = D54C4ECD84F2FA471BA378F2 /* Pods_BlackMovieVC_BlackMovieVCUITests.framework */; };
		13F8AB69DE40E6790C6340C9 /* Pods_BlackMovieVCTests.framework in Frameworks */ = {isa = PBXBuildFile; fileRef = CFCB9B1F6ACCA050E1534BF8 /* Pods_BlackMovieVCTests.framework */; };
		35176A1828F88D3E005CDE95 /* DetailsInteractor.swift in Sources */ = {isa = PBXBuildFile; fileRef = 35176A1728F88D3E005CDE95 /* DetailsInteractor.swift */; };
		35176A1A28F88D4D005CDE95 /* DetailsPresenter.swift in Sources */ = {isa = PBXBuildFile; fileRef = 35176A1928F88D4D005CDE95 /* DetailsPresenter.swift */; };
		355CEF9028ECEA640095D63D /* MoviesInteractor .swift in Sources */ = {isa = PBXBuildFile; fileRef = 355CEF8F28ECEA640095D63D /* MoviesInteractor .swift */; };
		355CEF9228ECEA730095D63D /* MoviesPresenter.swift in Sources */ = {isa = PBXBuildFile; fileRef = 355CEF9128ECEA730095D63D /* MoviesPresenter.swift */; };
		355CEF9728ECEAD70095D63D /* MoviesFactory.swift in Sources */ = {isa = PBXBuildFile; fileRef = 355CEF9628ECEAD70095D63D /* MoviesFactory.swift */; };
		35DF2C9C291094FF00995DF0 /* MoviesCoordinator.swift in Sources */ = {isa = PBXBuildFile; fileRef = 35DF2C9B291094FF00995DF0 /* MoviesCoordinator.swift */; };
		789257CD28C298490068BFE9 /* DetailsViewController.swift in Sources */ = {isa = PBXBuildFile; fileRef = 789257CC28C298490068BFE9 /* DetailsViewController.swift */; };
		789257CF28C2D3670068BFE9 /* DetailsCollectionViewCell.swift in Sources */ = {isa = PBXBuildFile; fileRef = 789257CE28C2D3670068BFE9 /* DetailsCollectionViewCell.swift */; };
		78B4D2BA28A5587500260B4A /* MovieCollectionViewCell.swift in Sources */ = {isa = PBXBuildFile; fileRef = 78B4D2B928A5587500260B4A /* MovieCollectionViewCell.swift */; };
		78BA4BC828A3E5B900C1CBE2 /* AppDelegate.swift in Sources */ = {isa = PBXBuildFile; fileRef = 78BA4BC728A3E5B900C1CBE2 /* AppDelegate.swift */; };
		78BA4BCC28A3E5B900C1CBE2 /* MovieViewController.swift in Sources */ = {isa = PBXBuildFile; fileRef = 78BA4BCB28A3E5B900C1CBE2 /* MovieViewController.swift */; };
		78BA4BD128A3E5BC00C1CBE2 /* Assets.xcassets in Resources */ = {isa = PBXBuildFile; fileRef = 78BA4BD028A3E5BC00C1CBE2 /* Assets.xcassets */; };
		78BA4BD428A3E5BC00C1CBE2 /* LaunchScreen.storyboard in Resources */ = {isa = PBXBuildFile; fileRef = 78BA4BD228A3E5BC00C1CBE2 /* LaunchScreen.storyboard */; };
		78BA4BDF28A3E5BD00C1CBE2 /* BlackMovieVCTests.swift in Sources */ = {isa = PBXBuildFile; fileRef = 78BA4BDE28A3E5BD00C1CBE2 /* BlackMovieVCTests.swift */; };
		78BA4BE928A3E5BD00C1CBE2 /* BlackMovieVCUITests.swift in Sources */ = {isa = PBXBuildFile; fileRef = 78BA4BE828A3E5BD00C1CBE2 /* BlackMovieVCUITests.swift */; };
		78BA4BEB28A3E5BD00C1CBE2 /* BlackMovieVCUITestsLaunchTests.swift in Sources */ = {isa = PBXBuildFile; fileRef = 78BA4BEA28A3E5BD00C1CBE2 /* BlackMovieVCUITestsLaunchTests.swift */; };
		78BA4BF828A42A6800C1CBE2 /* MovieService.swift in Sources */ = {isa = PBXBuildFile; fileRef = 78BA4BF728A42A6800C1CBE2 /* MovieService.swift */; };
		78BCC9C028B9A9D000F7AB99 /* Movie.swift in Sources */ = {isa = PBXBuildFile; fileRef = 78BCC9BF28B9A9D000F7AB99 /* Movie.swift */; };
		D240CEC2A4A09998973FDF9A /* Pods_BlackMovieVC.framework in Frameworks */ = {isa = PBXBuildFile; fileRef = DF55C8DFB1B3DD8956989C39 /* Pods_BlackMovieVC.framework */; };
/* End PBXBuildFile section */

/* Begin PBXContainerItemProxy section */
		78BA4BDB28A3E5BD00C1CBE2 /* PBXContainerItemProxy */ = {
			isa = PBXContainerItemProxy;
			containerPortal = 78BA4BBC28A3E5B900C1CBE2 /* Project object */;
			proxyType = 1;
			remoteGlobalIDString = 78BA4BC328A3E5B900C1CBE2;
			remoteInfo = BlackMovieVC;
		};
		78BA4BE528A3E5BD00C1CBE2 /* PBXContainerItemProxy */ = {
			isa = PBXContainerItemProxy;
			containerPortal = 78BA4BBC28A3E5B900C1CBE2 /* Project object */;
			proxyType = 1;
			remoteGlobalIDString = 78BA4BC328A3E5B900C1CBE2;
			remoteInfo = BlackMovieVC;
		};
/* End PBXContainerItemProxy section */

/* Begin PBXFileReference section */
		35176A1728F88D3E005CDE95 /* DetailsInteractor.swift */ = {isa = PBXFileReference; lastKnownFileType = sourcecode.swift; path = DetailsInteractor.swift; sourceTree = "<group>"; };
		35176A1928F88D4D005CDE95 /* DetailsPresenter.swift */ = {isa = PBXFileReference; lastKnownFileType = sourcecode.swift; path = DetailsPresenter.swift; sourceTree = "<group>"; };
		355CEF8F28ECEA640095D63D /* MoviesInteractor .swift */ = {isa = PBXFileReference; lastKnownFileType = sourcecode.swift; path = "MoviesInteractor .swift"; sourceTree = "<group>"; };
		355CEF9128ECEA730095D63D /* MoviesPresenter.swift */ = {isa = PBXFileReference; lastKnownFileType = sourcecode.swift; path = MoviesPresenter.swift; sourceTree = "<group>"; };
		355CEF9628ECEAD70095D63D /* MoviesFactory.swift */ = {isa = PBXFileReference; lastKnownFileType = sourcecode.swift; path = MoviesFactory.swift; sourceTree = "<group>"; };
		35DF2C9B291094FF00995DF0 /* MoviesCoordinator.swift */ = {isa = PBXFileReference; lastKnownFileType = sourcecode.swift; path = MoviesCoordinator.swift; sourceTree = "<group>"; };
		6D7A2A6DCCE8B2E4DEC92E41 /* Pods-BlackMovieVCTests.debug.xcconfig */ = {isa = PBXFileReference; includeInIndex = 1; lastKnownFileType = text.xcconfig; name = "Pods-BlackMovieVCTests.debug.xcconfig"; path = "Target Support Files/Pods-BlackMovieVCTests/Pods-BlackMovieVCTests.debug.xcconfig"; sourceTree = "<group>"; };
		789257CC28C298490068BFE9 /* DetailsViewController.swift */ = {isa = PBXFileReference; lastKnownFileType = sourcecode.swift; path = DetailsViewController.swift; sourceTree = "<group>"; };
		789257CE28C2D3670068BFE9 /* DetailsCollectionViewCell.swift */ = {isa = PBXFileReference; lastKnownFileType = sourcecode.swift; path = DetailsCollectionViewCell.swift; sourceTree = "<group>"; };
		78B4D2B928A5587500260B4A /* MovieCollectionViewCell.swift */ = {isa = PBXFileReference; lastKnownFileType = sourcecode.swift; path = MovieCollectionViewCell.swift; sourceTree = "<group>"; };
		78BA4BC428A3E5B900C1CBE2 /* BlackMovieVC.app */ = {isa = PBXFileReference; explicitFileType = wrapper.application; includeInIndex = 0; path = BlackMovieVC.app; sourceTree = BUILT_PRODUCTS_DIR; };
		78BA4BC728A3E5B900C1CBE2 /* AppDelegate.swift */ = {isa = PBXFileReference; lastKnownFileType = sourcecode.swift; path = AppDelegate.swift; sourceTree = "<group>"; };
		78BA4BCB28A3E5B900C1CBE2 /* MovieViewController.swift */ = {isa = PBXFileReference; lastKnownFileType = sourcecode.swift; path = MovieViewController.swift; sourceTree = "<group>"; };
		78BA4BD028A3E5BC00C1CBE2 /* Assets.xcassets */ = {isa = PBXFileReference; lastKnownFileType = folder.assetcatalog; path = Assets.xcassets; sourceTree = "<group>"; };
		78BA4BD328A3E5BC00C1CBE2 /* Base */ = {isa = PBXFileReference; lastKnownFileType = file.storyboard; name = Base; path = Base.lproj/LaunchScreen.storyboard; sourceTree = "<group>"; };
		78BA4BD528A3E5BC00C1CBE2 /* Info.plist */ = {isa = PBXFileReference; lastKnownFileType = text.plist.xml; path = Info.plist; sourceTree = "<group>"; };
		78BA4BDA28A3E5BD00C1CBE2 /* BlackMovieVCTests.xctest */ = {isa = PBXFileReference; explicitFileType = wrapper.cfbundle; includeInIndex = 0; path = BlackMovieVCTests.xctest; sourceTree = BUILT_PRODUCTS_DIR; };
		78BA4BDE28A3E5BD00C1CBE2 /* BlackMovieVCTests.swift */ = {isa = PBXFileReference; lastKnownFileType = sourcecode.swift; path = BlackMovieVCTests.swift; sourceTree = "<group>"; };
		78BA4BE428A3E5BD00C1CBE2 /* BlackMovieVCUITests.xctest */ = {isa = PBXFileReference; explicitFileType = wrapper.cfbundle; includeInIndex = 0; path = BlackMovieVCUITests.xctest; sourceTree = BUILT_PRODUCTS_DIR; };
		78BA4BE828A3E5BD00C1CBE2 /* BlackMovieVCUITests.swift */ = {isa = PBXFileReference; lastKnownFileType = sourcecode.swift; path = BlackMovieVCUITests.swift; sourceTree = "<group>"; };
		78BA4BEA28A3E5BD00C1CBE2 /* BlackMovieVCUITestsLaunchTests.swift */ = {isa = PBXFileReference; lastKnownFileType = sourcecode.swift; path = BlackMovieVCUITestsLaunchTests.swift; sourceTree = "<group>"; };
		78BA4BF728A42A6800C1CBE2 /* MovieService.swift */ = {isa = PBXFileReference; lastKnownFileType = sourcecode.swift; path = MovieService.swift; sourceTree = "<group>"; };
		78BCC9BF28B9A9D000F7AB99 /* Movie.swift */ = {isa = PBXFileReference; lastKnownFileType = sourcecode.swift; path = Movie.swift; sourceTree = "<group>"; };
		8956B7ED583CCD7FDD9D372F /* Pods-BlackMovieVC-BlackMovieVCUITests.release.xcconfig */ = {isa = PBXFileReference; includeInIndex = 1; lastKnownFileType = text.xcconfig; name = "Pods-BlackMovieVC-BlackMovieVCUITests.release.xcconfig"; path = "Target Support Files/Pods-BlackMovieVC-BlackMovieVCUITests/Pods-BlackMovieVC-BlackMovieVCUITests.release.xcconfig"; sourceTree = "<group>"; };
		9945AD7182B6082B2F3DE708 /* Pods-BlackMovieVC.release.xcconfig */ = {isa = PBXFileReference; includeInIndex = 1; lastKnownFileType = text.xcconfig; name = "Pods-BlackMovieVC.release.xcconfig"; path = "Target Support Files/Pods-BlackMovieVC/Pods-BlackMovieVC.release.xcconfig"; sourceTree = "<group>"; };
		9EBBD494168F9563312B2880 /* Pods-BlackMovieVC.debug.xcconfig */ = {isa = PBXFileReference; includeInIndex = 1; lastKnownFileType = text.xcconfig; name = "Pods-BlackMovieVC.debug.xcconfig"; path = "Target Support Files/Pods-BlackMovieVC/Pods-BlackMovieVC.debug.xcconfig"; sourceTree = "<group>"; };
		B9C7C86EACBF52F5FE66D4AE /* Pods-BlackMovieVCTests.release.xcconfig */ = {isa = PBXFileReference; includeInIndex = 1; lastKnownFileType = text.xcconfig; name = "Pods-BlackMovieVCTests.release.xcconfig"; path = "Target Support Files/Pods-BlackMovieVCTests/Pods-BlackMovieVCTests.release.xcconfig"; sourceTree = "<group>"; };
		CA04C82B44C3BDCA30C7B5B4 /* Pods-BlackMovieVC-BlackMovieVCUITests.debug.xcconfig */ = {isa = PBXFileReference; includeInIndex = 1; lastKnownFileType = text.xcconfig; name = "Pods-BlackMovieVC-BlackMovieVCUITests.debug.xcconfig"; path = "Target Support Files/Pods-BlackMovieVC-BlackMovieVCUITests/Pods-BlackMovieVC-BlackMovieVCUITests.debug.xcconfig"; sourceTree = "<group>"; };
		CFCB9B1F6ACCA050E1534BF8 /* Pods_BlackMovieVCTests.framework */ = {isa = PBXFileReference; explicitFileType = wrapper.framework; includeInIndex = 0; path = Pods_BlackMovieVCTests.framework; sourceTree = BUILT_PRODUCTS_DIR; };
		D54C4ECD84F2FA471BA378F2 /* Pods_BlackMovieVC_BlackMovieVCUITests.framework */ = {isa = PBXFileReference; explicitFileType = wrapper.framework; includeInIndex = 0; path = Pods_BlackMovieVC_BlackMovieVCUITests.framework; sourceTree = BUILT_PRODUCTS_DIR; };
		DF55C8DFB1B3DD8956989C39 /* Pods_BlackMovieVC.framework */ = {isa = PBXFileReference; explicitFileType = wrapper.framework; includeInIndex = 0; path = Pods_BlackMovieVC.framework; sourceTree = BUILT_PRODUCTS_DIR; };
/* End PBXFileReference section */

/* Begin PBXFrameworksBuildPhase section */
		78BA4BC128A3E5B900C1CBE2 /* Frameworks */ = {
			isa = PBXFrameworksBuildPhase;
			buildActionMask = 2147483647;
			files = (
				D240CEC2A4A09998973FDF9A /* Pods_BlackMovieVC.framework in Frameworks */,
			);
			runOnlyForDeploymentPostprocessing = 0;
		};
		78BA4BD728A3E5BD00C1CBE2 /* Frameworks */ = {
			isa = PBXFrameworksBuildPhase;
			buildActionMask = 2147483647;
			files = (
				13F8AB69DE40E6790C6340C9 /* Pods_BlackMovieVCTests.framework in Frameworks */,
			);
			runOnlyForDeploymentPostprocessing = 0;
		};
		78BA4BE128A3E5BD00C1CBE2 /* Frameworks */ = {
			isa = PBXFrameworksBuildPhase;
			buildActionMask = 2147483647;
			files = (
				0FB311412C1D90E7BE2766C2 /* Pods_BlackMovieVC_BlackMovieVCUITests.framework in Frameworks */,
			);
			runOnlyForDeploymentPostprocessing = 0;
		};
/* End PBXFrameworksBuildPhase section */

/* Begin PBXGroup section */
		35176A1628F88CF5005CDE95 /* DetailsMovies */ = {
			isa = PBXGroup;
			children = (
				789257CC28C298490068BFE9 /* DetailsViewController.swift */,
				35176A1728F88D3E005CDE95 /* DetailsInteractor.swift */,
				35176A1928F88D4D005CDE95 /* DetailsPresenter.swift */,
			);
			path = DetailsMovies;
			sourceTree = "<group>";
		};
		355CEF9528ECEA920095D63D /* MoviesHome */ = {
			isa = PBXGroup;
			children = (
				355CEF8F28ECEA640095D63D /* MoviesInteractor .swift */,
				35DF2C9B291094FF00995DF0 /* MoviesCoordinator.swift */,
				355CEF9128ECEA730095D63D /* MoviesPresenter.swift */,
				78BA4BCB28A3E5B900C1CBE2 /* MovieViewController.swift */,
				355CEF9628ECEAD70095D63D /* MoviesFactory.swift */,
				78BCC9BF28B9A9D000F7AB99 /* Movie.swift */,
			);
			path = MoviesHome;
			sourceTree = "<group>";
		};
		66630F3252F3FA7B0C641DBC /* Frameworks */ = {
			isa = PBXGroup;
			children = (
				DF55C8DFB1B3DD8956989C39 /* Pods_BlackMovieVC.framework */,
				D54C4ECD84F2FA471BA378F2 /* Pods_BlackMovieVC_BlackMovieVCUITests.framework */,
				CFCB9B1F6ACCA050E1534BF8 /* Pods_BlackMovieVCTests.framework */,
			);
			name = Frameworks;
			sourceTree = "<group>";
		};
		6C482A13E054B46E6A61E96C /* Pods */ = {
			isa = PBXGroup;
			children = (
				9EBBD494168F9563312B2880 /* Pods-BlackMovieVC.debug.xcconfig */,
				9945AD7182B6082B2F3DE708 /* Pods-BlackMovieVC.release.xcconfig */,
				CA04C82B44C3BDCA30C7B5B4 /* Pods-BlackMovieVC-BlackMovieVCUITests.debug.xcconfig */,
				8956B7ED583CCD7FDD9D372F /* Pods-BlackMovieVC-BlackMovieVCUITests.release.xcconfig */,
				6D7A2A6DCCE8B2E4DEC92E41 /* Pods-BlackMovieVCTests.debug.xcconfig */,
				B9C7C86EACBF52F5FE66D4AE /* Pods-BlackMovieVCTests.release.xcconfig */,
			);
			path = Pods;
			sourceTree = "<group>";
		};
		788D853F28BDC00600E73330 /* Cell */ = {
			isa = PBXGroup;
			children = (
				78B4D2B928A5587500260B4A /* MovieCollectionViewCell.swift */,
				789257CE28C2D3670068BFE9 /* DetailsCollectionViewCell.swift */,
			);
			path = Cell;
			sourceTree = "<group>";
		};
		788D854328BDC09100E73330 /* Resources */ = {
			isa = PBXGroup;
			children = (
				78BA4BD228A3E5BC00C1CBE2 /* LaunchScreen.storyboard */,
				78BA4BD028A3E5BC00C1CBE2 /* Assets.xcassets */,
			);
			path = Resources;
			sourceTree = "<group>";
		};
		78BA4BBB28A3E5B900C1CBE2 = {
			isa = PBXGroup;
			children = (
				78BA4BC628A3E5B900C1CBE2 /* BlackMovieVC */,
				78BA4BDD28A3E5BD00C1CBE2 /* BlackMovieVCTests */,
				78BA4BE728A3E5BD00C1CBE2 /* BlackMovieVCUITests */,
				78BA4BC528A3E5B900C1CBE2 /* Products */,
				6C482A13E054B46E6A61E96C /* Pods */,
				66630F3252F3FA7B0C641DBC /* Frameworks */,
			);
			sourceTree = "<group>";
		};
		78BA4BC528A3E5B900C1CBE2 /* Products */ = {
			isa = PBXGroup;
			children = (
				78BA4BC428A3E5B900C1CBE2 /* BlackMovieVC.app */,
				78BA4BDA28A3E5BD00C1CBE2 /* BlackMovieVCTests.xctest */,
				78BA4BE428A3E5BD00C1CBE2 /* BlackMovieVCUITests.xctest */,
			);
			name = Products;
			sourceTree = "<group>";
		};
		78BA4BC628A3E5B900C1CBE2 /* BlackMovieVC */ = {
			isa = PBXGroup;
			children = (
				78BA4BF728A42A6800C1CBE2 /* MovieService.swift */,
				35176A1628F88CF5005CDE95 /* DetailsMovies */,
				355CEF9528ECEA920095D63D /* MoviesHome */,
				788D854328BDC09100E73330 /* Resources */,
				788D853F28BDC00600E73330 /* Cell */,
				78BA4BC728A3E5B900C1CBE2 /* AppDelegate.swift */,
				78BA4BD528A3E5BC00C1CBE2 /* Info.plist */,
			);
			path = BlackMovieVC;
			sourceTree = "<group>";
		};
		78BA4BDD28A3E5BD00C1CBE2 /* BlackMovieVCTests */ = {
			isa = PBXGroup;
			children = (
				78BA4BDE28A3E5BD00C1CBE2 /* BlackMovieVCTests.swift */,
			);
			path = BlackMovieVCTests;
			sourceTree = "<group>";
		};
		78BA4BE728A3E5BD00C1CBE2 /* BlackMovieVCUITests */ = {
			isa = PBXGroup;
			children = (
				78BA4BE828A3E5BD00C1CBE2 /* BlackMovieVCUITests.swift */,
				78BA4BEA28A3E5BD00C1CBE2 /* BlackMovieVCUITestsLaunchTests.swift */,
			);
			path = BlackMovieVCUITests;
			sourceTree = "<group>";
		};
/* End PBXGroup section */

/* Begin PBXNativeTarget section */
		78BA4BC328A3E5B900C1CBE2 /* BlackMovieVC */ = {
			isa = PBXNativeTarget;
			buildConfigurationList = 78BA4BEE28A3E5BD00C1CBE2 /* Build configuration list for PBXNativeTarget "BlackMovieVC" */;
			buildPhases = (
				90BC7F12797D3694407659F3 /* [CP] Check Pods Manifest.lock */,
				78BA4BC028A3E5B900C1CBE2 /* Sources */,
				78BA4BC128A3E5B900C1CBE2 /* Frameworks */,
				78BA4BC228A3E5B900C1CBE2 /* Resources */,
				0D5492789C090D0AB99F7EAB /* [CP] Embed Pods Frameworks */,
			);
			buildRules = (
			);
			dependencies = (
			);
			name = BlackMovieVC;
			productName = BlackMovieVC;
			productReference = 78BA4BC428A3E5B900C1CBE2 /* BlackMovieVC.app */;
			productType = "com.apple.product-type.application";
		};
		78BA4BD928A3E5BD00C1CBE2 /* BlackMovieVCTests */ = {
			isa = PBXNativeTarget;
			buildConfigurationList = 78BA4BF128A3E5BD00C1CBE2 /* Build configuration list for PBXNativeTarget "BlackMovieVCTests" */;
			buildPhases = (
				A6C797EE603777DF47D4C9BE /* [CP] Check Pods Manifest.lock */,
				78BA4BD628A3E5BD00C1CBE2 /* Sources */,
				78BA4BD728A3E5BD00C1CBE2 /* Frameworks */,
				78BA4BD828A3E5BD00C1CBE2 /* Resources */,
			);
			buildRules = (
			);
			dependencies = (
				78BA4BDC28A3E5BD00C1CBE2 /* PBXTargetDependency */,
			);
			name = BlackMovieVCTests;
			productName = BlackMovieVCTests;
			productReference = 78BA4BDA28A3E5BD00C1CBE2 /* BlackMovieVCTests.xctest */;
			productType = "com.apple.product-type.bundle.unit-test";
		};
		78BA4BE328A3E5BD00C1CBE2 /* BlackMovieVCUITests */ = {
			isa = PBXNativeTarget;
			buildConfigurationList = 78BA4BF428A3E5BD00C1CBE2 /* Build configuration list for PBXNativeTarget "BlackMovieVCUITests" */;
			buildPhases = (
				DCA144591724BDB6CA8DE305 /* [CP] Check Pods Manifest.lock */,
				78BA4BE028A3E5BD00C1CBE2 /* Sources */,
				78BA4BE128A3E5BD00C1CBE2 /* Frameworks */,
				78BA4BE228A3E5BD00C1CBE2 /* Resources */,
				CE26DCD4E5A60B52DE11C2B6 /* [CP] Embed Pods Frameworks */,
			);
			buildRules = (
			);
			dependencies = (
				78BA4BE628A3E5BD00C1CBE2 /* PBXTargetDependency */,
			);
			name = BlackMovieVCUITests;
			productName = BlackMovieVCUITests;
			productReference = 78BA4BE428A3E5BD00C1CBE2 /* BlackMovieVCUITests.xctest */;
			productType = "com.apple.product-type.bundle.ui-testing";
		};
/* End PBXNativeTarget section */

/* Begin PBXProject section */
		78BA4BBC28A3E5B900C1CBE2 /* Project object */ = {
			isa = PBXProject;
			attributes = {
				BuildIndependentTargetsInParallel = 1;
				LastSwiftUpdateCheck = 1340;
				LastUpgradeCheck = 1340;
				TargetAttributes = {
					78BA4BC328A3E5B900C1CBE2 = {
						CreatedOnToolsVersion = 13.4.1;
					};
					78BA4BD928A3E5BD00C1CBE2 = {
						CreatedOnToolsVersion = 13.4.1;
						TestTargetID = 78BA4BC328A3E5B900C1CBE2;
					};
					78BA4BE328A3E5BD00C1CBE2 = {
						CreatedOnToolsVersion = 13.4.1;
						TestTargetID = 78BA4BC328A3E5B900C1CBE2;
					};
				};
			};
			buildConfigurationList = 78BA4BBF28A3E5B900C1CBE2 /* Build configuration list for PBXProject "BlackMovieVC" */;
			compatibilityVersion = "Xcode 13.0";
			developmentRegion = en;
			hasScannedForEncodings = 0;
			knownRegions = (
				en,
				Base,
			);
			mainGroup = 78BA4BBB28A3E5B900C1CBE2;
			productRefGroup = 78BA4BC528A3E5B900C1CBE2 /* Products */;
			projectDirPath = "";
			projectRoot = "";
			targets = (
				78BA4BC328A3E5B900C1CBE2 /* BlackMovieVC */,
				78BA4BD928A3E5BD00C1CBE2 /* BlackMovieVCTests */,
				78BA4BE328A3E5BD00C1CBE2 /* BlackMovieVCUITests */,
			);
		};
/* End PBXProject section */

/* Begin PBXResourcesBuildPhase section */
		78BA4BC228A3E5B900C1CBE2 /* Resources */ = {
			isa = PBXResourcesBuildPhase;
			buildActionMask = 2147483647;
			files = (
				78BA4BD428A3E5BC00C1CBE2 /* LaunchScreen.storyboard in Resources */,
				78BA4BD128A3E5BC00C1CBE2 /* Assets.xcassets in Resources */,
			);
			runOnlyForDeploymentPostprocessing = 0;
		};
		78BA4BD828A3E5BD00C1CBE2 /* Resources */ = {
			isa = PBXResourcesBuildPhase;
			buildActionMask = 2147483647;
			files = (
			);
			runOnlyForDeploymentPostprocessing = 0;
		};
		78BA4BE228A3E5BD00C1CBE2 /* Resources */ = {
			isa = PBXResourcesBuildPhase;
			buildActionMask = 2147483647;
			files = (
			);
			runOnlyForDeploymentPostprocessing = 0;
		};
/* End PBXResourcesBuildPhase section */

/* Begin PBXShellScriptBuildPhase section */
		0D5492789C090D0AB99F7EAB /* [CP] Embed Pods Frameworks */ = {
			isa = PBXShellScriptBuildPhase;
			buildActionMask = 2147483647;
			files = (
			);
			inputFileListPaths = (
				"${PODS_ROOT}/Target Support Files/Pods-BlackMovieVC/Pods-BlackMovieVC-frameworks-${CONFIGURATION}-input-files.xcfilelist",
			);
			name = "[CP] Embed Pods Frameworks";
			outputFileListPaths = (
				"${PODS_ROOT}/Target Support Files/Pods-BlackMovieVC/Pods-BlackMovieVC-frameworks-${CONFIGURATION}-output-files.xcfilelist",
			);
			runOnlyForDeploymentPostprocessing = 0;
			shellPath = /bin/sh;
			shellScript = "\"${PODS_ROOT}/Target Support Files/Pods-BlackMovieVC/Pods-BlackMovieVC-frameworks.sh\"\n";
			showEnvVarsInLog = 0;
		};
		90BC7F12797D3694407659F3 /* [CP] Check Pods Manifest.lock */ = {
			isa = PBXShellScriptBuildPhase;
			buildActionMask = 2147483647;
			files = (
			);
			inputFileListPaths = (
			);
			inputPaths = (
				"${PODS_PODFILE_DIR_PATH}/Podfile.lock",
				"${PODS_ROOT}/Manifest.lock",
			);
			name = "[CP] Check Pods Manifest.lock";
			outputFileListPaths = (
			);
			outputPaths = (
				"$(DERIVED_FILE_DIR)/Pods-BlackMovieVC-checkManifestLockResult.txt",
			);
			runOnlyForDeploymentPostprocessing = 0;
			shellPath = /bin/sh;
			shellScript = "diff \"${PODS_PODFILE_DIR_PATH}/Podfile.lock\" \"${PODS_ROOT}/Manifest.lock\" > /dev/null\nif [ $? != 0 ] ; then\n    # print error to STDERR\n    echo \"error: The sandbox is not in sync with the Podfile.lock. Run 'pod install' or update your CocoaPods installation.\" >&2\n    exit 1\nfi\n# This output is used by Xcode 'outputs' to avoid re-running this script phase.\necho \"SUCCESS\" > \"${SCRIPT_OUTPUT_FILE_0}\"\n";
			showEnvVarsInLog = 0;
		};
		A6C797EE603777DF47D4C9BE /* [CP] Check Pods Manifest.lock */ = {
			isa = PBXShellScriptBuildPhase;
			buildActionMask = 2147483647;
			files = (
			);
			inputFileListPaths = (
			);
			inputPaths = (
				"${PODS_PODFILE_DIR_PATH}/Podfile.lock",
				"${PODS_ROOT}/Manifest.lock",
			);
			name = "[CP] Check Pods Manifest.lock";
			outputFileListPaths = (
			);
			outputPaths = (
				"$(DERIVED_FILE_DIR)/Pods-BlackMovieVCTests-checkManifestLockResult.txt",
			);
			runOnlyForDeploymentPostprocessing = 0;
			shellPath = /bin/sh;
			shellScript = "diff \"${PODS_PODFILE_DIR_PATH}/Podfile.lock\" \"${PODS_ROOT}/Manifest.lock\" > /dev/null\nif [ $? != 0 ] ; then\n    # print error to STDERR\n    echo \"error: The sandbox is not in sync with the Podfile.lock. Run 'pod install' or update your CocoaPods installation.\" >&2\n    exit 1\nfi\n# This output is used by Xcode 'outputs' to avoid re-running this script phase.\necho \"SUCCESS\" > \"${SCRIPT_OUTPUT_FILE_0}\"\n";
			showEnvVarsInLog = 0;
		};
		CE26DCD4E5A60B52DE11C2B6 /* [CP] Embed Pods Frameworks */ = {
			isa = PBXShellScriptBuildPhase;
			buildActionMask = 2147483647;
			files = (
			);
			inputFileListPaths = (
				"${PODS_ROOT}/Target Support Files/Pods-BlackMovieVC-BlackMovieVCUITests/Pods-BlackMovieVC-BlackMovieVCUITests-frameworks-${CONFIGURATION}-input-files.xcfilelist",
			);
			name = "[CP] Embed Pods Frameworks";
			outputFileListPaths = (
				"${PODS_ROOT}/Target Support Files/Pods-BlackMovieVC-BlackMovieVCUITests/Pods-BlackMovieVC-BlackMovieVCUITests-frameworks-${CONFIGURATION}-output-files.xcfilelist",
			);
			runOnlyForDeploymentPostprocessing = 0;
			shellPath = /bin/sh;
			shellScript = "\"${PODS_ROOT}/Target Support Files/Pods-BlackMovieVC-BlackMovieVCUITests/Pods-BlackMovieVC-BlackMovieVCUITests-frameworks.sh\"\n";
			showEnvVarsInLog = 0;
		};
		DCA144591724BDB6CA8DE305 /* [CP] Check Pods Manifest.lock */ = {
			isa = PBXShellScriptBuildPhase;
			buildActionMask = 2147483647;
			files = (
			);
			inputFileListPaths = (
			);
			inputPaths = (
				"${PODS_PODFILE_DIR_PATH}/Podfile.lock",
				"${PODS_ROOT}/Manifest.lock",
			);
			name = "[CP] Check Pods Manifest.lock";
			outputFileListPaths = (
			);
			outputPaths = (
				"$(DERIVED_FILE_DIR)/Pods-BlackMovieVC-BlackMovieVCUITests-checkManifestLockResult.txt",
			);
			runOnlyForDeploymentPostprocessing = 0;
			shellPath = /bin/sh;
			shellScript = "diff \"${PODS_PODFILE_DIR_PATH}/Podfile.lock\" \"${PODS_ROOT}/Manifest.lock\" > /dev/null\nif [ $? != 0 ] ; then\n    # print error to STDERR\n    echo \"error: The sandbox is not in sync with the Podfile.lock. Run 'pod install' or update your CocoaPods installation.\" >&2\n    exit 1\nfi\n# This output is used by Xcode 'outputs' to avoid re-running this script phase.\necho \"SUCCESS\" > \"${SCRIPT_OUTPUT_FILE_0}\"\n";
			showEnvVarsInLog = 0;
		};
/* End PBXShellScriptBuildPhase section */

/* Begin PBXSourcesBuildPhase section */
		78BA4BC028A3E5B900C1CBE2 /* Sources */ = {
			isa = PBXSourcesBuildPhase;
			buildActionMask = 2147483647;
			files = (
				78BA4BCC28A3E5B900C1CBE2 /* MovieViewController.swift in Sources */,
				78BCC9C028B9A9D000F7AB99 /* Movie.swift in Sources */,
				35176A1A28F88D4D005CDE95 /* DetailsPresenter.swift in Sources */,
				78BA4BC828A3E5B900C1CBE2 /* AppDelegate.swift in Sources */,
				355CEF9728ECEAD70095D63D /* MoviesFactory.swift in Sources */,
				789257CD28C298490068BFE9 /* DetailsViewController.swift in Sources */,
				78BA4BF828A42A6800C1CBE2 /* MovieService.swift in Sources */,
				355CEF9028ECEA640095D63D /* MoviesInteractor .swift in Sources */,
				35176A1828F88D3E005CDE95 /* DetailsInteractor.swift in Sources */,
				78B4D2BA28A5587500260B4A /* MovieCollectionViewCell.swift in Sources */,
				789257CF28C2D3670068BFE9 /* DetailsCollectionViewCell.swift in Sources */,
				35DF2C9C291094FF00995DF0 /* MoviesCoordinator.swift in Sources */,
				355CEF9228ECEA730095D63D /* MoviesPresenter.swift in Sources */,
			);
			runOnlyForDeploymentPostprocessing = 0;
		};
		78BA4BD628A3E5BD00C1CBE2 /* Sources */ = {
			isa = PBXSourcesBuildPhase;
			buildActionMask = 2147483647;
			files = (
				78BA4BDF28A3E5BD00C1CBE2 /* BlackMovieVCTests.swift in Sources */,
			);
			runOnlyForDeploymentPostprocessing = 0;
		};
		78BA4BE028A3E5BD00C1CBE2 /* Sources */ = {
			isa = PBXSourcesBuildPhase;
			buildActionMask = 2147483647;
			files = (
				78BA4BEB28A3E5BD00C1CBE2 /* BlackMovieVCUITestsLaunchTests.swift in Sources */,
				78BA4BE928A3E5BD00C1CBE2 /* BlackMovieVCUITests.swift in Sources */,
			);
			runOnlyForDeploymentPostprocessing = 0;
		};
/* End PBXSourcesBuildPhase section */

/* Begin PBXTargetDependency section */
		78BA4BDC28A3E5BD00C1CBE2 /* PBXTargetDependency */ = {
			isa = PBXTargetDependency;
			target = 78BA4BC328A3E5B900C1CBE2 /* BlackMovieVC */;
			targetProxy = 78BA4BDB28A3E5BD00C1CBE2 /* PBXContainerItemProxy */;
		};
		78BA4BE628A3E5BD00C1CBE2 /* PBXTargetDependency */ = {
			isa = PBXTargetDependency;
			target = 78BA4BC328A3E5B900C1CBE2 /* BlackMovieVC */;
			targetProxy = 78BA4BE528A3E5BD00C1CBE2 /* PBXContainerItemProxy */;
		};
/* End PBXTargetDependency section */

/* Begin PBXVariantGroup section */
		78BA4BD228A3E5BC00C1CBE2 /* LaunchScreen.storyboard */ = {
			isa = PBXVariantGroup;
			children = (
				78BA4BD328A3E5BC00C1CBE2 /* Base */,
			);
			name = LaunchScreen.storyboard;
			sourceTree = "<group>";
		};
/* End PBXVariantGroup section */

/* Begin XCBuildConfiguration section */
		78BA4BEC28A3E5BD00C1CBE2 /* Debug */ = {
			isa = XCBuildConfiguration;
			buildSettings = {
				ALWAYS_SEARCH_USER_PATHS = NO;
				CLANG_ANALYZER_NONNULL = YES;
				CLANG_ANALYZER_NUMBER_OBJECT_CONVERSION = YES_AGGRESSIVE;
				CLANG_CXX_LANGUAGE_STANDARD = "gnu++17";
				CLANG_ENABLE_MODULES = YES;
				CLANG_ENABLE_OBJC_ARC = YES;
				CLANG_ENABLE_OBJC_WEAK = YES;
				CLANG_WARN_BLOCK_CAPTURE_AUTORELEASING = YES;
				CLANG_WARN_BOOL_CONVERSION = YES;
				CLANG_WARN_COMMA = YES;
				CLANG_WARN_CONSTANT_CONVERSION = YES;
				CLANG_WARN_DEPRECATED_OBJC_IMPLEMENTATIONS = YES;
				CLANG_WARN_DIRECT_OBJC_ISA_USAGE = YES_ERROR;
				CLANG_WARN_DOCUMENTATION_COMMENTS = YES;
				CLANG_WARN_EMPTY_BODY = YES;
				CLANG_WARN_ENUM_CONVERSION = YES;
				CLANG_WARN_INFINITE_RECURSION = YES;
				CLANG_WARN_INT_CONVERSION = YES;
				CLANG_WARN_NON_LITERAL_NULL_CONVERSION = YES;
				CLANG_WARN_OBJC_IMPLICIT_RETAIN_SELF = YES;
				CLANG_WARN_OBJC_LITERAL_CONVERSION = YES;
				CLANG_WARN_OBJC_ROOT_CLASS = YES_ERROR;
				CLANG_WARN_QUOTED_INCLUDE_IN_FRAMEWORK_HEADER = YES;
				CLANG_WARN_RANGE_LOOP_ANALYSIS = YES;
				CLANG_WARN_STRICT_PROTOTYPES = YES;
				CLANG_WARN_SUSPICIOUS_MOVE = YES;
				CLANG_WARN_UNGUARDED_AVAILABILITY = YES_AGGRESSIVE;
				CLANG_WARN_UNREACHABLE_CODE = YES;
				CLANG_WARN__DUPLICATE_METHOD_MATCH = YES;
				COPY_PHASE_STRIP = NO;
				DEBUG_INFORMATION_FORMAT = dwarf;
				ENABLE_STRICT_OBJC_MSGSEND = YES;
				ENABLE_TESTABILITY = YES;
				GCC_C_LANGUAGE_STANDARD = gnu11;
				GCC_DYNAMIC_NO_PIC = NO;
				GCC_NO_COMMON_BLOCKS = YES;
				GCC_OPTIMIZATION_LEVEL = 0;
				GCC_PREPROCESSOR_DEFINITIONS = (
					"DEBUG=1",
					"$(inherited)",
				);
				GCC_WARN_64_TO_32_BIT_CONVERSION = YES;
				GCC_WARN_ABOUT_RETURN_TYPE = YES_ERROR;
				GCC_WARN_UNDECLARED_SELECTOR = YES;
				GCC_WARN_UNINITIALIZED_AUTOS = YES_AGGRESSIVE;
				GCC_WARN_UNUSED_FUNCTION = YES;
				GCC_WARN_UNUSED_VARIABLE = YES;
				IPHONEOS_DEPLOYMENT_TARGET = 15.5;
				MTL_ENABLE_DEBUG_INFO = INCLUDE_SOURCE;
				MTL_FAST_MATH = YES;
				ONLY_ACTIVE_ARCH = YES;
				SDKROOT = iphoneos;
				SWIFT_ACTIVE_COMPILATION_CONDITIONS = DEBUG;
				SWIFT_OPTIMIZATION_LEVEL = "-Onone";
			};
			name = Debug;
		};
		78BA4BED28A3E5BD00C1CBE2 /* Release */ = {
			isa = XCBuildConfiguration;
			buildSettings = {
				ALWAYS_SEARCH_USER_PATHS = NO;
				CLANG_ANALYZER_NONNULL = YES;
				CLANG_ANALYZER_NUMBER_OBJECT_CONVERSION = YES_AGGRESSIVE;
				CLANG_CXX_LANGUAGE_STANDARD = "gnu++17";
				CLANG_ENABLE_MODULES = YES;
				CLANG_ENABLE_OBJC_ARC = YES;
				CLANG_ENABLE_OBJC_WEAK = YES;
				CLANG_WARN_BLOCK_CAPTURE_AUTORELEASING = YES;
				CLANG_WARN_BOOL_CONVERSION = YES;
				CLANG_WARN_COMMA = YES;
				CLANG_WARN_CONSTANT_CONVERSION = YES;
				CLANG_WARN_DEPRECATED_OBJC_IMPLEMENTATIONS = YES;
				CLANG_WARN_DIRECT_OBJC_ISA_USAGE = YES_ERROR;
				CLANG_WARN_DOCUMENTATION_COMMENTS = YES;
				CLANG_WARN_EMPTY_BODY = YES;
				CLANG_WARN_ENUM_CONVERSION = YES;
				CLANG_WARN_INFINITE_RECURSION = YES;
				CLANG_WARN_INT_CONVERSION = YES;
				CLANG_WARN_NON_LITERAL_NULL_CONVERSION = YES;
				CLANG_WARN_OBJC_IMPLICIT_RETAIN_SELF = YES;
				CLANG_WARN_OBJC_LITERAL_CONVERSION = YES;
				CLANG_WARN_OBJC_ROOT_CLASS = YES_ERROR;
				CLANG_WARN_QUOTED_INCLUDE_IN_FRAMEWORK_HEADER = YES;
				CLANG_WARN_RANGE_LOOP_ANALYSIS = YES;
				CLANG_WARN_STRICT_PROTOTYPES = YES;
				CLANG_WARN_SUSPICIOUS_MOVE = YES;
				CLANG_WARN_UNGUARDED_AVAILABILITY = YES_AGGRESSIVE;
				CLANG_WARN_UNREACHABLE_CODE = YES;
				CLANG_WARN__DUPLICATE_METHOD_MATCH = YES;
				COPY_PHASE_STRIP = NO;
				DEBUG_INFORMATION_FORMAT = "dwarf-with-dsym";
				ENABLE_NS_ASSERTIONS = NO;
				ENABLE_STRICT_OBJC_MSGSEND = YES;
				GCC_C_LANGUAGE_STANDARD = gnu11;
				GCC_NO_COMMON_BLOCKS = YES;
				GCC_WARN_64_TO_32_BIT_CONVERSION = YES;
				GCC_WARN_ABOUT_RETURN_TYPE = YES_ERROR;
				GCC_WARN_UNDECLARED_SELECTOR = YES;
				GCC_WARN_UNINITIALIZED_AUTOS = YES_AGGRESSIVE;
				GCC_WARN_UNUSED_FUNCTION = YES;
				GCC_WARN_UNUSED_VARIABLE = YES;
				IPHONEOS_DEPLOYMENT_TARGET = 15.5;
				MTL_ENABLE_DEBUG_INFO = NO;
				MTL_FAST_MATH = YES;
				SDKROOT = iphoneos;
				SWIFT_COMPILATION_MODE = wholemodule;
				SWIFT_OPTIMIZATION_LEVEL = "-O";
				VALIDATE_PRODUCT = YES;
			};
			name = Release;
		};
		78BA4BEF28A3E5BD00C1CBE2 /* Debug */ = {
			isa = XCBuildConfiguration;
			baseConfigurationReference = 9EBBD494168F9563312B2880 /* Pods-BlackMovieVC.debug.xcconfig */;
			buildSettings = {
				ASSETCATALOG_COMPILER_APPICON_NAME = AppIcon;
				ASSETCATALOG_COMPILER_GLOBAL_ACCENT_COLOR_NAME = AccentColor;
				CODE_SIGN_STYLE = Automatic;
				CURRENT_PROJECT_VERSION = 1;
				DEVELOPMENT_TEAM = M86C9CH7AB;
				GENERATE_INFOPLIST_FILE = YES;
				INFOPLIST_FILE = BlackMovieVC/Info.plist;
				INFOPLIST_KEY_UIApplicationSupportsIndirectInputEvents = YES;
				INFOPLIST_KEY_UILaunchStoryboardName = LaunchScreen;
				INFOPLIST_KEY_UIMainStoryboardFile = LaunchScreen;
				INFOPLIST_KEY_UISupportedInterfaceOrientations = UIInterfaceOrientationPortrait;
				INFOPLIST_KEY_UISupportedInterfaceOrientations_iPad = "UIInterfaceOrientationPortrait UIInterfaceOrientationPortraitUpsideDown UIInterfaceOrientationLandscapeLeft UIInterfaceOrientationLandscapeRight";
				INFOPLIST_KEY_UISupportedInterfaceOrientations_iPhone = "UIInterfaceOrientationPortrait UIInterfaceOrientationLandscapeLeft UIInterfaceOrientationLandscapeRight";
				LD_RUNPATH_SEARCH_PATHS = (
					"$(inherited)",
					"@executable_path/Frameworks",
				);
				MARKETING_VERSION = 1.0;
				PRODUCT_BUNDLE_IDENTIFIER = com.igorgomes.BlackMovieVC;
				PRODUCT_NAME = "$(TARGET_NAME)";
				SWIFT_EMIT_LOC_STRINGS = YES;
				SWIFT_VERSION = 5.0;
				TARGETED_DEVICE_FAMILY = 1;
			};
			name = Debug;
		};
		78BA4BF028A3E5BD00C1CBE2 /* Release */ = {
			isa = XCBuildConfiguration;
			baseConfigurationReference = 9945AD7182B6082B2F3DE708 /* Pods-BlackMovieVC.release.xcconfig */;
			buildSettings = {
				ASSETCATALOG_COMPILER_APPICON_NAME = AppIcon;
				ASSETCATALOG_COMPILER_GLOBAL_ACCENT_COLOR_NAME = AccentColor;
				CODE_SIGN_STYLE = Automatic;
				CURRENT_PROJECT_VERSION = 1;
				DEVELOPMENT_TEAM = M86C9CH7AB;
				GENERATE_INFOPLIST_FILE = YES;
				INFOPLIST_FILE = BlackMovieVC/Info.plist;
				INFOPLIST_KEY_UIApplicationSupportsIndirectInputEvents = YES;
				INFOPLIST_KEY_UILaunchStoryboardName = LaunchScreen;
				INFOPLIST_KEY_UIMainStoryboardFile = LaunchScreen;
				INFOPLIST_KEY_UISupportedInterfaceOrientations = UIInterfaceOrientationPortrait;
				INFOPLIST_KEY_UISupportedInterfaceOrientations_iPad = "UIInterfaceOrientationPortrait UIInterfaceOrientationPortraitUpsideDown UIInterfaceOrientationLandscapeLeft UIInterfaceOrientationLandscapeRight";
				INFOPLIST_KEY_UISupportedInterfaceOrientations_iPhone = "UIInterfaceOrientationPortrait UIInterfaceOrientationLandscapeLeft UIInterfaceOrientationLandscapeRight";
				LD_RUNPATH_SEARCH_PATHS = (
					"$(inherited)",
					"@executable_path/Frameworks",
				);
				MARKETING_VERSION = 1.0;
				PRODUCT_BUNDLE_IDENTIFIER = com.igorgomes.BlackMovieVC;
				PRODUCT_NAME = "$(TARGET_NAME)";
				SWIFT_EMIT_LOC_STRINGS = YES;
				SWIFT_VERSION = 5.0;
				TARGETED_DEVICE_FAMILY = 1;
			};
			name = Release;
		};
		78BA4BF228A3E5BD00C1CBE2 /* Debug */ = {
			isa = XCBuildConfiguration;
			baseConfigurationReference = 6D7A2A6DCCE8B2E4DEC92E41 /* Pods-BlackMovieVCTests.debug.xcconfig */;
			buildSettings = {
				ALWAYS_EMBED_SWIFT_STANDARD_LIBRARIES = YES;
				BUNDLE_LOADER = "$(TEST_HOST)";
				CODE_SIGN_STYLE = Automatic;
				CURRENT_PROJECT_VERSION = 1;
				DEVELOPMENT_TEAM = 2NQ2Q4CS26;
				GENERATE_INFOPLIST_FILE = YES;
				IPHONEOS_DEPLOYMENT_TARGET = 15.5;
				MARKETING_VERSION = 1.0;
				PRODUCT_BUNDLE_IDENTIFIER = com.igorgomes.BlackMovieVCTests;
				PRODUCT_NAME = "$(TARGET_NAME)";
				SWIFT_EMIT_LOC_STRINGS = NO;
				SWIFT_VERSION = 5.0;
				TARGETED_DEVICE_FAMILY = "1,2";
				TEST_HOST = "$(BUILT_PRODUCTS_DIR)/BlackMovieVC.app/BlackMovieVC";
			};
			name = Debug;
		};
		78BA4BF328A3E5BD00C1CBE2 /* Release */ = {
			isa = XCBuildConfiguration;
			baseConfigurationReference = B9C7C86EACBF52F5FE66D4AE /* Pods-BlackMovieVCTests.release.xcconfig */;
			buildSettings = {
				ALWAYS_EMBED_SWIFT_STANDARD_LIBRARIES = YES;
				BUNDLE_LOADER = "$(TEST_HOST)";
				CODE_SIGN_STYLE = Automatic;
				CURRENT_PROJECT_VERSION = 1;
				DEVELOPMENT_TEAM = 2NQ2Q4CS26;
				GENERATE_INFOPLIST_FILE = YES;
				IPHONEOS_DEPLOYMENT_TARGET = 15.5;
				MARKETING_VERSION = 1.0;
				PRODUCT_BUNDLE_IDENTIFIER = com.igorgomes.BlackMovieVCTests;
				PRODUCT_NAME = "$(TARGET_NAME)";
				SWIFT_EMIT_LOC_STRINGS = NO;
				SWIFT_VERSION = 5.0;
				TARGETED_DEVICE_FAMILY = "1,2";
				TEST_HOST = "$(BUILT_PRODUCTS_DIR)/BlackMovieVC.app/BlackMovieVC";
			};
			name = Release;
		};
		78BA4BF528A3E5BD00C1CBE2 /* Debug */ = {
			isa = XCBuildConfiguration;
			baseConfigurationReference = CA04C82B44C3BDCA30C7B5B4 /* Pods-BlackMovieVC-BlackMovieVCUITests.debug.xcconfig */;
			buildSettings = {
				ALWAYS_EMBED_SWIFT_STANDARD_LIBRARIES = YES;
				CODE_SIGN_STYLE = Automatic;
				CURRENT_PROJECT_VERSION = 1;
				DEVELOPMENT_TEAM = 2NQ2Q4CS26;
				GENERATE_INFOPLIST_FILE = YES;
				MARKETING_VERSION = 1.0;
				PRODUCT_BUNDLE_IDENTIFIER = com.igorgomes.BlackMovieVCUITests;
				PRODUCT_NAME = "$(TARGET_NAME)";
				SWIFT_EMIT_LOC_STRINGS = NO;
				SWIFT_VERSION = 5.0;
				TARGETED_DEVICE_FAMILY = "1,2";
				TEST_TARGET_NAME = BlackMovieVC;
			};
			name = Debug;
		};
		78BA4BF628A3E5BD00C1CBE2 /* Release */ = {
			isa = XCBuildConfiguration;
			baseConfigurationReference = 8956B7ED583CCD7FDD9D372F /* Pods-BlackMovieVC-BlackMovieVCUITests.release.xcconfig */;
			buildSettings = {
				ALWAYS_EMBED_SWIFT_STANDARD_LIBRARIES = YES;
				CODE_SIGN_STYLE = Automatic;
				CURRENT_PROJECT_VERSION = 1;
				DEVELOPMENT_TEAM = 2NQ2Q4CS26;
				GENERATE_INFOPLIST_FILE = YES;
				MARKETING_VERSION = 1.0;
				PRODUCT_BUNDLE_IDENTIFIER = com.igorgomes.BlackMovieVCUITests;
				PRODUCT_NAME = "$(TARGET_NAME)";
				SWIFT_EMIT_LOC_STRINGS = NO;
				SWIFT_VERSION = 5.0;
				TARGETED_DEVICE_FAMILY = "1,2";
				TEST_TARGET_NAME = BlackMovieVC;
			};
			name = Release;
		};
/* End XCBuildConfiguration section */

/* Begin XCConfigurationList section */
		78BA4BBF28A3E5B900C1CBE2 /* Build configuration list for PBXProject "BlackMovieVC" */ = {
			isa = XCConfigurationList;
			buildConfigurations = (
				78BA4BEC28A3E5BD00C1CBE2 /* Debug */,
				78BA4BED28A3E5BD00C1CBE2 /* Release */,
			);
			defaultConfigurationIsVisible = 0;
			defaultConfigurationName = Release;
		};
		78BA4BEE28A3E5BD00C1CBE2 /* Build configuration list for PBXNativeTarget "BlackMovieVC" */ = {
			isa = XCConfigurationList;
			buildConfigurations = (
				78BA4BEF28A3E5BD00C1CBE2 /* Debug */,
				78BA4BF028A3E5BD00C1CBE2 /* Release */,
			);
			defaultConfigurationIsVisible = 0;
			defaultConfigurationName = Release;
		};
		78BA4BF128A3E5BD00C1CBE2 /* Build configuration list for PBXNativeTarget "BlackMovieVCTests" */ = {
			isa = XCConfigurationList;
			buildConfigurations = (
				78BA4BF228A3E5BD00C1CBE2 /* Debug */,
				78BA4BF328A3E5BD00C1CBE2 /* Release */,
			);
			defaultConfigurationIsVisible = 0;
			defaultConfigurationName = Release;
		};
		78BA4BF428A3E5BD00C1CBE2 /* Build configuration list for PBXNativeTarget "BlackMovieVCUITests" */ = {
			isa = XCConfigurationList;
			buildConfigurations = (
				78BA4BF528A3E5BD00C1CBE2 /* Debug */,
				78BA4BF628A3E5BD00C1CBE2 /* Release */,
			);
			defaultConfigurationIsVisible = 0;
			defaultConfigurationName = Release;
		};
/* End XCConfigurationList section */
	};
	rootObject = 78BA4BBC28A3E5B900C1CBE2 /* Project object */;
}
